
Microsoft Visual Studio Solution File, Format Version 12.00
# Visual Studio Version 16
VisualStudioVersion = 16.0.31424.327
MinimumVisualStudioVersion = 10.0.40219.1
Project("{FAE04EC0-301F-11D3-BF4B-00C04F79EFBC}") = "aws-test-api", "aws-test-api\aws-test-api.csproj", "{1A151EAF-83AF-4750-A1D9-CDA20247A0A0}"
EndProject
Global
	GlobalSection(SolutionConfigurationPlatforms) = preSolution
		Debug|Any CPU = Debug|Any CPU
		Release|Any CPU = Release|Any CPU
	EndGlobalSection
	GlobalSection(ProjectConfigurationPlatforms) = postSolution
		{1A151EAF-83AF-4750-A1D9-CDA20247A0A0}.Debug|Any CPU.ActiveCfg = Debug|Any CPU
		{1A151EAF-83AF-4750-A1D9-CDA20247A0A0}.Debug|Any CPU.Build.0 = Debug|Any CPU
		{1A151EAF-83AF-4750-A1D9-CDA20247A0A0}.Release|Any CPU.ActiveCfg = Release|Any CPU
		{1A151EAF-83AF-4750-A1D9-CDA20247A0A0}.Release|Any CPU.Build.0 = Release|Any CPU
	EndGlobalSection
	GlobalSection(SolutionProperties) = preSolution
		HideSolutionNode = FALSE
	EndGlobalSection
	GlobalSection(ExtensibilityGlobals) = postSolution
		SolutionGuid = {1577E0BD-8310-4D3E-9368-2E0EF49F542A}
	EndGlobalSection
EndGlobal
